// !$*UTF8*$!
{
	archiveVersion = 1;
	classes = {
	};
	objectVersion = 56;
	objects = {

/* Begin PBXBuildFile section */
		321C41EF2905520A00ECDECB /* powerBank_caculatorApp.swift in Sources */ = {isa = PBXBuildFile; fileRef = 321C41EE2905520A00ECDECB /* powerBank_caculatorApp.swift */; };
		321C41F12905520A00ECDECB /* ContentView.swift in Sources */ = {isa = PBXBuildFile; fileRef = 321C41F02905520A00ECDECB /* ContentView.swift */; };
		321C41F32905520B00ECDECB /* Assets.xcassets in Resources */ = {isa = PBXBuildFile; fileRef = 321C41F22905520B00ECDECB /* Assets.xcassets */; };
		321C41F62905520B00ECDECB /* Preview Assets.xcassets in Resources */ = {isa = PBXBuildFile; fileRef = 321C41F52905520B00ECDECB /* Preview Assets.xcassets */; };
		321C42002905520C00ECDECB /* powerBank_caculatorTests.swift in Sources */ = {isa = PBXBuildFile; fileRef = 321C41FF2905520C00ECDECB /* powerBank_caculatorTests.swift */; };
		321C420A2905520C00ECDECB /* powerBank_caculatorUITests.swift in Sources */ = {isa = PBXBuildFile; fileRef = 321C42092905520C00ECDECB /* powerBank_caculatorUITests.swift */; };
		321C420C2905520C00ECDECB /* powerBank_caculatorUITestsLaunchTests.swift in Sources */ = {isa = PBXBuildFile; fileRef = 321C420B2905520C00ECDECB /* powerBank_caculatorUITestsLaunchTests.swift */; };
		321C42192905557D00ECDECB /* phoneButton.swift in Sources */ = {isa = PBXBuildFile; fileRef = 321C42182905557D00ECDECB /* phoneButton.swift */; };
/* End PBXBuildFile section */

/* Begin PBXContainerItemProxy section */
		321C41FC2905520C00ECDECB /* PBXContainerItemProxy */ = {
			isa = PBXContainerItemProxy;
			containerPortal = 321C41E32905520A00ECDECB /* Project object */;
			proxyType = 1;
			remoteGlobalIDString = 321C41EA2905520A00ECDECB;
			remoteInfo = "powerBank caculator";
		};
		321C42062905520C00ECDECB /* PBXContainerItemProxy */ = {
			isa = PBXContainerItemProxy;
			containerPortal = 321C41E32905520A00ECDECB /* Project object */;
			proxyType = 1;
			remoteGlobalIDString = 321C41EA2905520A00ECDECB;
			remoteInfo = "powerBank caculator";
		};
/* End PBXContainerItemProxy section */

/* Begin PBXFileReference section */
		321C41EB2905520A00ECDECB /* powerBank caculator.app */ = {isa = PBXFileReference; explicitFileType = wrapper.application; includeInIndex = 0; path = "powerBank caculator.app"; sourceTree = BUILT_PRODUCTS_DIR; };
		321C41EE2905520A00ECDECB /* powerBank_caculatorApp.swift */ = {isa = PBXFileReference; lastKnownFileType = sourcecode.swift; path = powerBank_caculatorApp.swift; sourceTree = "<group>"; };
		321C41F02905520A00ECDECB /* ContentView.swift */ = {isa = PBXFileReference; lastKnownFileType = sourcecode.swift; path = ContentView.swift; sourceTree = "<group>"; };
		321C41F22905520B00ECDECB /* Assets.xcassets */ = {isa = PBXFileReference; lastKnownFileType = folder.assetcatalog; path = Assets.xcassets; sourceTree = "<group>"; };
		321C41F52905520B00ECDECB /* Preview Assets.xcassets */ = {isa = PBXFileReference; lastKnownFileType = folder.assetcatalog; path = "Preview Assets.xcassets"; sourceTree = "<group>"; };
		321C41FB2905520C00ECDECB /* powerBank caculatorTests.xctest */ = {isa = PBXFileReference; explicitFileType = wrapper.cfbundle; includeInIndex = 0; path = "powerBank caculatorTests.xctest"; sourceTree = BUILT_PRODUCTS_DIR; };
		321C41FF2905520C00ECDECB /* powerBank_caculatorTests.swift */ = {isa = PBXFileReference; lastKnownFileType = sourcecode.swift; path = powerBank_caculatorTests.swift; sourceTree = "<group>"; };
		321C42052905520C00ECDECB /* powerBank caculatorUITests.xctest */ = {isa = PBXFileReference; explicitFileType = wrapper.cfbundle; includeInIndex = 0; path = "powerBank caculatorUITests.xctest"; sourceTree = BUILT_PRODUCTS_DIR; };
		321C42092905520C00ECDECB /* powerBank_caculatorUITests.swift */ = {isa = PBXFileReference; lastKnownFileType = sourcecode.swift; path = powerBank_caculatorUITests.swift; sourceTree = "<group>"; };
		321C420B2905520C00ECDECB /* powerBank_caculatorUITestsLaunchTests.swift */ = {isa = PBXFileReference; lastKnownFileType = sourcecode.swift; path = powerBank_caculatorUITestsLaunchTests.swift; sourceTree = "<group>"; };
		321C42182905557D00ECDECB /* phoneButton.swift */ = {isa = PBXFileReference; lastKnownFileType = sourcecode.swift; path = phoneButton.swift; sourceTree = "<group>"; };
/* End PBXFileReference section */

/* Begin PBXFrameworksBuildPhase section */
		321C41E82905520A00ECDECB /* Frameworks */ = {
			isa = PBXFrameworksBuildPhase;
			buildActionMask = 2147483647;
			files = (
			);
			runOnlyForDeploymentPostprocessing = 0;
		};
		321C41F82905520C00ECDECB /* Frameworks */ = {
			isa = PBXFrameworksBuildPhase;
			buildActionMask = 2147483647;
			files = (
			);
			runOnlyForDeploymentPostprocessing = 0;
		};
		321C42022905520C00ECDECB /* Frameworks */ = {
			isa = PBXFrameworksBuildPhase;
			buildActionMask = 2147483647;
			files = (
			);
			runOnlyForDeploymentPostprocessing = 0;
		};
/* End PBXFrameworksBuildPhase section */

/* Begin PBXGroup section */
		321C41E22905520A00ECDECB = {
			isa = PBXGroup;
			children = (
				321C41ED2905520A00ECDECB /* powerBank caculator */,
				321C41FE2905520C00ECDECB /* powerBank caculatorTests */,
				321C42082905520C00ECDECB /* powerBank caculatorUITests */,
				321C41EC2905520A00ECDECB /* Products */,
			);
			sourceTree = "<group>";
		};
		321C41EC2905520A00ECDECB /* Products */ = {
			isa = PBXGroup;
			children = (
				321C41EB2905520A00ECDECB /* powerBank caculator.app */,
				321C41FB2905520C00ECDECB /* powerBank caculatorTests.xctest */,
				321C42052905520C00ECDECB /* powerBank caculatorUITests.xctest */,
			);
			name = Products;
			sourceTree = "<group>";
		};
		321C41ED2905520A00ECDECB /* powerBank caculator */ = {
			isa = PBXGroup;
			children = (
				321C41EE2905520A00ECDECB /* powerBank_caculatorApp.swift */,
				321C41F02905520A00ECDECB /* ContentView.swift */,
				321C42182905557D00ECDECB /* phoneButton.swift */,
				321C41F22905520B00ECDECB /* Assets.xcassets */,
				321C41F42905520B00ECDECB /* Preview Content */,
			);
			path = "powerBank caculator";
			sourceTree = "<group>";
		};
		321C41F42905520B00ECDECB /* Preview Content */ = {
			isa = PBXGroup;
			children = (
				321C41F52905520B00ECDECB /* Preview Assets.xcassets */,
			);
			path = "Preview Content";
			sourceTree = "<group>";
		};
		321C41FE2905520C00ECDECB /* powerBank caculatorTests */ = {
			isa = PBXGroup;
			children = (
				321C41FF2905520C00ECDECB /* powerBank_caculatorTests.swift */,
			);
			path = "powerBank caculatorTests";
			sourceTree = "<group>";
		};
		321C42082905520C00ECDECB /* powerBank caculatorUITests */ = {
			isa = PBXGroup;
			children = (
				321C42092905520C00ECDECB /* powerBank_caculatorUITests.swift */,
				321C420B2905520C00ECDECB /* powerBank_caculatorUITestsLaunchTests.swift */,
			);
			path = "powerBank caculatorUITests";
			sourceTree = "<group>";
		};
/* End PBXGroup section */

/* Begin PBXNativeTarget section */
		321C41EA2905520A00ECDECB /* powerBank caculator */ = {
			isa = PBXNativeTarget;
			buildConfigurationList = 321C420F2905520C00ECDECB /* Build configuration list for PBXNativeTarget "powerBank caculator" */;
			buildPhases = (
				321C41E72905520A00ECDECB /* Sources */,
				321C41E82905520A00ECDECB /* Frameworks */,
				321C41E92905520A00ECDECB /* Resources */,
			);
			buildRules = (
			);
			dependencies = (
			);
			name = "powerBank caculator";
			productName = "powerBank caculator";
			productReference = 321C41EB2905520A00ECDECB /* powerBank caculator.app */;
			productType = "com.apple.product-type.application";
		};
		321C41FA2905520C00ECDECB /* powerBank caculatorTests */ = {
			isa = PBXNativeTarget;
			buildConfigurationList = 321C42122905520C00ECDECB /* Build configuration list for PBXNativeTarget "powerBank caculatorTests" */;
			buildPhases = (
				321C41F72905520C00ECDECB /* Sources */,
				321C41F82905520C00ECDECB /* Frameworks */,
				321C41F92905520C00ECDECB /* Resources */,
			);
			buildRules = (
			);
			dependencies = (
				321C41FD2905520C00ECDECB /* PBXTargetDependency */,
			);
			name = "powerBank caculatorTests";
			productName = "powerBank caculatorTests";
			productReference = 321C41FB2905520C00ECDECB /* powerBank caculatorTests.xctest */;
			productType = "com.apple.product-type.bundle.unit-test";
		};
		321C42042905520C00ECDECB /* powerBank caculatorUITests */ = {
			isa = PBXNativeTarget;
			buildConfigurationList = 321C42152905520C00ECDECB /* Build configuration list for PBXNativeTarget "powerBank caculatorUITests" */;
			buildPhases = (
				321C42012905520C00ECDECB /* Sources */,
				321C42022905520C00ECDECB /* Frameworks */,
				321C42032905520C00ECDECB /* Resources */,
			);
			buildRules = (
			);
			dependencies = (
				321C42072905520C00ECDECB /* PBXTargetDependency */,
			);
			name = "powerBank caculatorUITests";
			productName = "powerBank caculatorUITests";
			productReference = 321C42052905520C00ECDECB /* powerBank caculatorUITests.xctest */;
			productType = "com.apple.product-type.bundle.ui-testing";
		};
/* End PBXNativeTarget section */

/* Begin PBXProject section */
		321C41E32905520A00ECDECB /* Project object */ = {
			isa = PBXProject;
			attributes = {
				BuildIndependentTargetsInParallel = 1;
				LastSwiftUpdateCheck = 1400;
				LastUpgradeCheck = 1400;
				TargetAttributes = {
					321C41EA2905520A00ECDECB = {
						CreatedOnToolsVersion = 14.0.1;
					};
					321C41FA2905520C00ECDECB = {
						CreatedOnToolsVersion = 14.0.1;
						TestTargetID = 321C41EA2905520A00ECDECB;
					};
					321C42042905520C00ECDECB = {
						CreatedOnToolsVersion = 14.0.1;
						TestTargetID = 321C41EA2905520A00ECDECB;
					};
				};
			};
			buildConfigurationList = 321C41E62905520A00ECDECB /* Build configuration list for PBXProject "powerBank caculator" */;
			compatibilityVersion = "Xcode 14.0";
			developmentRegion = en;
			hasScannedForEncodings = 0;
			knownRegions = (
				en,
				Base,
			);
			mainGroup = 321C41E22905520A00ECDECB;
			productRefGroup = 321C41EC2905520A00ECDECB /* Products */;
			projectDirPath = "";
			projectRoot = "";
			targets = (
				321C41EA2905520A00ECDECB /* powerBank caculator */,
				321C41FA2905520C00ECDECB /* powerBank caculatorTests */,
				321C42042905520C00ECDECB /* powerBank caculatorUITests */,
			);
		};
/* End PBXProject section */

/* Begin PBXResourcesBuildPhase section */
		321C41E92905520A00ECDECB /* Resources */ = {
			isa = PBXResourcesBuildPhase;
			buildActionMask = 2147483647;
			files = (
				321C41F62905520B00ECDECB /* Preview Assets.xcassets in Resources */,
				321C41F32905520B00ECDECB /* Assets.xcassets in Resources */,
			);
			runOnlyForDeploymentPostprocessing = 0;
		};
		321C41F92905520C00ECDECB /* Resources */ = {
			isa = PBXResourcesBuildPhase;
			buildActionMask = 2147483647;
			files = (
			);
			runOnlyForDeploymentPostprocessing = 0;
		};
		321C42032905520C00ECDECB /* Resources */ = {
			isa = PBXResourcesBuildPhase;
			buildActionMask = 2147483647;
			files = (
			);
			runOnlyForDeploymentPostprocessing = 0;
		};
/* End PBXResourcesBuildPhase section */

/* Begin PBXSourcesBuildPhase section */
		321C41E72905520A00ECDECB /* Sources */ = {
			isa = PBXSourcesBuildPhase;
			buildActionMask = 2147483647;
			files = (
				321C42192905557D00ECDECB /* phoneButton.swift in Sources */,
				321C41F12905520A00ECDECB /* ContentView.swift in Sources */,
				321C41EF2905520A00ECDECB /* powerBank_caculatorApp.swift in Sources */,
			);
			runOnlyForDeploymentPostprocessing = 0;
		};
		321C41F72905520C00ECDECB /* Sources */ = {
			isa = PBXSourcesBuildPhase;
			buildActionMask = 2147483647;
			files = (
				321C42002905520C00ECDECB /* powerBank_caculatorTests.swift in Sources */,
			);
			runOnlyForDeploymentPostprocessing = 0;
		};
		321C42012905520C00ECDECB /* Sources */ = {
			isa = PBXSourcesBuildPhase;
			buildActionMask = 2147483647;
			files = (
				321C420A2905520C00ECDECB /* powerBank_caculatorUITests.swift in Sources */,
				321C420C2905520C00ECDECB /* powerBank_caculatorUITestsLaunchTests.swift in Sources */,
			);
			runOnlyForDeploymentPostprocessing = 0;
		};
/* End PBXSourcesBuildPhase section */

/* Begin PBXTargetDependency section */
		321C41FD2905520C00ECDECB /* PBXTargetDependency */ = {
			isa = PBXTargetDependency;
			target = 321C41EA2905520A00ECDECB /* powerBank caculator */;
			targetProxy = 321C41FC2905520C00ECDECB /* PBXContainerItemProxy */;
		};
		321C42072905520C00ECDECB /* PBXTargetDependency */ = {
			isa = PBXTargetDependency;
			target = 321C41EA2905520A00ECDECB /* powerBank caculator */;
			targetProxy = 321C42062905520C00ECDECB /* PBXContainerItemProxy */;
		};
/* End PBXTargetDependency section */

/* Begin XCBuildConfiguration section */
		321C420D2905520C00ECDECB /* Debug */ = {
			isa = XCBuildConfiguration;
			buildSettings = {
				ALWAYS_SEARCH_USER_PATHS = NO;
				CLANG_ANALYZER_NONNULL = YES;
				CLANG_ANALYZER_NUMBER_OBJECT_CONVERSION = YES_AGGRESSIVE;
				CLANG_CXX_LANGUAGE_STANDARD = "gnu++20";
				CLANG_ENABLE_MODULES = YES;
				CLANG_ENABLE_OBJC_ARC = YES;
				CLANG_ENABLE_OBJC_WEAK = YES;
				CLANG_WARN_BLOCK_CAPTURE_AUTORELEASING = YES;
				CLANG_WARN_BOOL_CONVERSION = YES;
				CLANG_WARN_COMMA = YES;
				CLANG_WARN_CONSTANT_CONVERSION = YES;
				CLANG_WARN_DEPRECATED_OBJC_IMPLEMENTATIONS = YES;
				CLANG_WARN_DIRECT_OBJC_ISA_USAGE = YES_ERROR;
				CLANG_WARN_DOCUMENTATION_COMMENTS = YES;
				CLANG_WARN_EMPTY_BODY = YES;
				CLANG_WARN_ENUM_CONVERSION = YES;
				CLANG_WARN_INFINITE_RECURSION = YES;
				CLANG_WARN_INT_CONVERSION = YES;
				CLANG_WARN_NON_LITERAL_NULL_CONVERSION = YES;
				CLANG_WARN_OBJC_IMPLICIT_RETAIN_SELF = YES;
				CLANG_WARN_OBJC_LITERAL_CONVERSION = YES;
				CLANG_WARN_OBJC_ROOT_CLASS = YES_ERROR;
				CLANG_WARN_QUOTED_INCLUDE_IN_FRAMEWORK_HEADER = YES;
				CLANG_WARN_RANGE_LOOP_ANALYSIS = YES;
				CLANG_WARN_STRICT_PROTOTYPES = YES;
				CLANG_WARN_SUSPICIOUS_MOVE = YES;
				CLANG_WARN_UNGUARDED_AVAILABILITY = YES_AGGRESSIVE;
				CLANG_WARN_UNREACHABLE_CODE = YES;
				CLANG_WARN__DUPLICATE_METHOD_MATCH = YES;
				COPY_PHASE_STRIP = NO;
				DEBUG_INFORMATION_FORMAT = dwarf;
				ENABLE_STRICT_OBJC_MSGSEND = YES;
				ENABLE_TESTABILITY = YES;
				GCC_C_LANGUAGE_STANDARD = gnu11;
				GCC_DYNAMIC_NO_PIC = NO;
				GCC_NO_COMMON_BLOCKS = YES;
				GCC_OPTIMIZATION_LEVEL = 0;
				GCC_PREPROCESSOR_DEFINITIONS = (
					"DEBUG=1",
					"$(inherited)",
				);
				GCC_WARN_64_TO_32_BIT_CONVERSION = YES;
				GCC_WARN_ABOUT_RETURN_TYPE = YES_ERROR;
				GCC_WARN_UNDECLARED_SELECTOR = YES;
				GCC_WARN_UNINITIALIZED_AUTOS = YES_AGGRESSIVE;
				GCC_WARN_UNUSED_FUNCTION = YES;
				GCC_WARN_UNUSED_VARIABLE = YES;
				IPHONEOS_DEPLOYMENT_TARGET = 16.0;
				MTL_ENABLE_DEBUG_INFO = INCLUDE_SOURCE;
				MTL_FAST_MATH = YES;
				ONLY_ACTIVE_ARCH = YES;
				SDKROOT = iphoneos;
				SWIFT_ACTIVE_COMPILATION_CONDITIONS = DEBUG;
				SWIFT_OPTIMIZATION_LEVEL = "-Onone";
			};
			name = Debug;
		};
		321C420E2905520C00ECDECB /* Release */ = {
			isa = XCBuildConfiguration;
			buildSettings = {
				ALWAYS_SEARCH_USER_PATHS = NO;
				CLANG_ANALYZER_NONNULL = YES;
				CLANG_ANALYZER_NUMBER_OBJECT_CONVERSION = YES_AGGRESSIVE;
				CLANG_CXX_LANGUAGE_STANDARD = "gnu++20";
				CLANG_ENABLE_MODULES = YES;
				CLANG_ENABLE_OBJC_ARC = YES;
				CLANG_ENABLE_OBJC_WEAK = YES;
				CLANG_WARN_BLOCK_CAPTURE_AUTORELEASING = YES;
				CLANG_WARN_BOOL_CONVERSION = YES;
				CLANG_WARN_COMMA = YES;
				CLANG_WARN_CONSTANT_CONVERSION = YES;
				CLANG_WARN_DEPRECATED_OBJC_IMPLEMENTATIONS = YES;
				CLANG_WARN_DIRECT_OBJC_ISA_USAGE = YES_ERROR;
				CLANG_WARN_DOCUMENTATION_COMMENTS = YES;
				CLANG_WARN_EMPTY_BODY = YES;
				CLANG_WARN_ENUM_CONVERSION = YES;
				CLANG_WARN_INFINITE_RECURSION = YES;
				CLANG_WARN_INT_CONVERSION = YES;
				CLANG_WARN_NON_LITERAL_NULL_CONVERSION = YES;
				CLANG_WARN_OBJC_IMPLICIT_RETAIN_SELF = YES;
				CLANG_WARN_OBJC_LITERAL_CONVERSION = YES;
				CLANG_WARN_OBJC_ROOT_CLASS = YES_ERROR;
				CLANG_WARN_QUOTED_INCLUDE_IN_FRAMEWORK_HEADER = YES;
				CLANG_WARN_RANGE_LOOP_ANALYSIS = YES;
				CLANG_WARN_STRICT_PROTOTYPES = YES;
				CLANG_WARN_SUSPICIOUS_MOVE = YES;
				CLANG_WARN_UNGUARDED_AVAILABILITY = YES_AGGRESSIVE;
				CLANG_WARN_UNREACHABLE_CODE = YES;
				CLANG_WARN__DUPLICATE_METHOD_MATCH = YES;
				COPY_PHASE_STRIP = NO;
				DEBUG_INFORMATION_FORMAT = "dwarf-with-dsym";
				ENABLE_NS_ASSERTIONS = NO;
				ENABLE_STRICT_OBJC_MSGSEND = YES;
				GCC_C_LANGUAGE_STANDARD = gnu11;
				GCC_NO_COMMON_BLOCKS = YES;
				GCC_WARN_64_TO_32_BIT_CONVERSION = YES;
				GCC_WARN_ABOUT_RETURN_TYPE = YES_ERROR;
				GCC_WARN_UNDECLARED_SELECTOR = YES;
				GCC_WARN_UNINITIALIZED_AUTOS = YES_AGGRESSIVE;
				GCC_WARN_UNUSED_FUNCTION = YES;
				GCC_WARN_UNUSED_VARIABLE = YES;
				IPHONEOS_DEPLOYMENT_TARGET = 16.0;
				MTL_ENABLE_DEBUG_INFO = NO;
				MTL_FAST_MATH = YES;
				SDKROOT = iphoneos;
				SWIFT_COMPILATION_MODE = wholemodule;
				SWIFT_OPTIMIZATION_LEVEL = "-O";
				VALIDATE_PRODUCT = YES;
			};
			name = Release;
		};
		321C42102905520C00ECDECB /* Debug */ = {
			isa = XCBuildConfiguration;
			buildSettings = {
				ASSETCATALOG_COMPILER_APPICON_NAME = AppIcon;
				ASSETCATALOG_COMPILER_GLOBAL_ACCENT_COLOR_NAME = AccentColor;
				CODE_SIGN_STYLE = Automatic;
				CURRENT_PROJECT_VERSION = 1;
				DEVELOPMENT_ASSET_PATHS = "\"powerBank caculator/Preview Content\"";
				DEVELOPMENT_TEAM = 7S5KXF68WA;
				ENABLE_PREVIEWS = YES;
				GENERATE_INFOPLIST_FILE = YES;
				INFOPLIST_KEY_UIApplicationSceneManifest_Generation = YES;
				INFOPLIST_KEY_UIApplicationSupportsIndirectInputEvents = YES;
				INFOPLIST_KEY_UILaunchScreen_Generation = YES;
				INFOPLIST_KEY_UISupportedInterfaceOrientations_iPad = "UIInterfaceOrientationPortrait UIInterfaceOrientationPortraitUpsideDown UIInterfaceOrientationLandscapeLeft UIInterfaceOrientationLandscapeRight";
				INFOPLIST_KEY_UISupportedInterfaceOrientations_iPhone = "UIInterfaceOrientationPortrait UIInterfaceOrientationLandscapeLeft UIInterfaceOrientationLandscapeRight";
				LD_RUNPATH_SEARCH_PATHS = (
					"$(inherited)",
					"@executable_path/Frameworks",
				);
				MARKETING_VERSION = 1.0;
				PRODUCT_BUNDLE_IDENTIFIER = "Arthur.Sh.powerBank-caculator";
				PRODUCT_NAME = "$(TARGET_NAME)";
				SWIFT_EMIT_LOC_STRINGS = YES;
				SWIFT_VERSION = 5.0;
				TARGETED_DEVICE_FAMILY = "1,2";
			};
			name = Debug;
		};
		321C42112905520C00ECDECB /* Release */ = {
			isa = XCBuildConfiguration;
			buildSettings = {
				ASSETCATALOG_COMPILER_APPICON_NAME = AppIcon;
				ASSETCATALOG_COMPILER_GLOBAL_ACCENT_COLOR_NAME = AccentColor;
				CODE_SIGN_STYLE = Automatic;
				CURRENT_PROJECT_VERSION = 1;
				DEVELOPMENT_ASSET_PATHS = "\"powerBank caculator/Preview Content\"";
				DEVELOPMENT_TEAM = 7S5KXF68WA;
				ENABLE_PREVIEWS = YES;
				GENERATE_INFOPLIST_FILE = YES;
				INFOPLIST_KEY_UIApplicationSceneManifest_Generation = YES;
				INFOPLIST_KEY_UIApplicationSupportsIndirectInputEvents = YES;
				INFOPLIST_KEY_UILaunchScreen_Generation = YES;
				INFOPLIST_KEY_UISupportedInterfaceOrientations_iPad = "UIInterfaceOrientationPortrait UIInterfaceOrientationPortraitUpsideDown UIInterfaceOrientationLandscapeLeft UIInterfaceOrientationLandscapeRight";
				INFOPLIST_KEY_UISupportedInterfaceOrientations_iPhone = "UIInterfaceOrientationPortrait UIInterfaceOrientationLandscapeLeft UIInterfaceOrientationLandscapeRight";
				LD_RUNPATH_SEARCH_PATHS = (
					"$(inherited)",
					"@executable_path/Frameworks",
				);
				MARKETING_VERSION = 1.0;
				PRODUCT_BUNDLE_IDENTIFIER = "Arthur.Sh.powerBank-caculator";
				PRODUCT_NAME = "$(TARGET_NAME)";
				SWIFT_EMIT_LOC_STRINGS = YES;
				SWIFT_VERSION = 5.0;
				TARGETED_DEVICE_FAMILY = "1,2";
			};
			name = Release;
		};
		321C42132905520C00ECDECB /* Debug */ = {
			isa = XCBuildConfiguration;
			buildSettings = {
				ALWAYS_EMBED_SWIFT_STANDARD_LIBRARIES = YES;
				BUNDLE_LOADER = "$(TEST_HOST)";
				CODE_SIGN_STYLE = Automatic;
				CURRENT_PROJECT_VERSION = 1;
				DEVELOPMENT_TEAM = 7S5KXF68WA;
				GENERATE_INFOPLIST_FILE = YES;
				IPHONEOS_DEPLOYMENT_TARGET = 16.0;
				MARKETING_VERSION = 1.0;
				PRODUCT_BUNDLE_IDENTIFIER = "Arthur.Sh.powerBank-caculatorTests";
				PRODUCT_NAME = "$(TARGET_NAME)";
				SWIFT_EMIT_LOC_STRINGS = NO;
				SWIFT_VERSION = 5.0;
				TARGETED_DEVICE_FAMILY = "1,2";
				TEST_HOST = "$(BUILT_PRODUCTS_DIR)/powerBank caculator.app/$(BUNDLE_EXECUTABLE_FOLDER_PATH)/powerBank caculator";
			};
			name = Debug;
		};
		321C42142905520C00ECDECB /* Release */ = {
			isa = XCBuildConfiguration;
			buildSettings = {
				ALWAYS_EMBED_SWIFT_STANDARD_LIBRARIES = YES;
				BUNDLE_LOADER = "$(TEST_HOST)";
				CODE_SIGN_STYLE = Automatic;
				CURRENT_PROJECT_VERSION = 1;
				DEVELOPMENT_TEAM = 7S5KXF68WA;
				GENERATE_INFOPLIST_FILE = YES;
				IPHONEOS_DEPLOYMENT_TARGET = 16.0;
				MARKETING_VERSION = 1.0;
				PRODUCT_BUNDLE_IDENTIFIER = "Arthur.Sh.powerBank-caculatorTests";
				PRODUCT_NAME = "$(TARGET_NAME)";
				SWIFT_EMIT_LOC_STRINGS = NO;
				SWIFT_VERSION = 5.0;
				TARGETED_DEVICE_FAMILY = "1,2";
				TEST_HOST = "$(BUILT_PRODUCTS_DIR)/powerBank caculator.app/$(BUNDLE_EXECUTABLE_FOLDER_PATH)/powerBank caculator";
			};
			name = Release;
		};
		321C42162905520C00ECDECB /* Debug */ = {
			isa = XCBuildConfiguration;
			buildSettings = {
				ALWAYS_EMBED_SWIFT_STANDARD_LIBRARIES = YES;
				CODE_SIGN_STYLE = Automatic;
				CURRENT_PROJECT_VERSION = 1;
				DEVELOPMENT_TEAM = 7S5KXF68WA;
				GENERATE_INFOPLIST_FILE = YES;
				MARKETING_VERSION = 1.0;
				PRODUCT_BUNDLE_IDENTIFIER = "Arthur.Sh.powerBank-caculatorUITests";
				PRODUCT_NAME = "$(TARGET_NAME)";
				SWIFT_EMIT_LOC_STRINGS = NO;
				SWIFT_VERSION = 5.0;
				TARGETED_DEVICE_FAMILY = "1,2";
				TEST_TARGET_NAME = "powerBank caculator";
			};
			name = Debug;
		};
		321C42172905520C00ECDECB /* Release */ = {
			isa = XCBuildConfiguration;
			buildSettings = {
				ALWAYS_EMBED_SWIFT_STANDARD_LIBRARIES = YES;
				CODE_SIGN_STYLE = Automatic;
				CURRENT_PROJECT_VERSION = 1;
				DEVELOPMENT_TEAM = 7S5KXF68WA;
				GENERATE_INFOPLIST_FILE = YES;
				MARKETING_VERSION = 1.0;
				PRODUCT_BUNDLE_IDENTIFIER = "Arthur.Sh.powerBank-caculatorUITests";
				PRODUCT_NAME = "$(TARGET_NAME)";
				SWIFT_EMIT_LOC_STRINGS = NO;
				SWIFT_VERSION = 5.0;
				TARGETED_DEVICE_FAMILY = "1,2";
				TEST_TARGET_NAME = "powerBank caculator";
			};
			name = Release;
		};
/* End XCBuildConfiguration section */

/* Begin XCConfigurationList section */
		321C41E62905520A00ECDECB /* Build configuration list for PBXProject "powerBank caculator" */ = {
			isa = XCConfigurationList;
			buildConfigurations = (
				321C420D2905520C00ECDECB /* Debug */,
				321C420E2905520C00ECDECB /* Release */,
			);
			defaultConfigurationIsVisible = 0;
			defaultConfigurationName = Release;
		};
		321C420F2905520C00ECDECB /* Build configuration list for PBXNativeTarget "powerBank caculator" */ = {
			isa = XCConfigurationList;
			buildConfigurations = (
				321C42102905520C00ECDECB /* Debug */,
				321C42112905520C00ECDECB /* Release */,
			);
			defaultConfigurationIsVisible = 0;
			defaultConfigurationName = Release;
		};
		321C42122905520C00ECDECB /* Build configuration list for PBXNativeTarget "powerBank caculatorTests" */ = {
			isa = XCConfigurationList;
			buildConfigurations = (
				321C42132905520C00ECDECB /* Debug */,
				321C42142905520C00ECDECB /* Release */,
			);
			defaultConfigurationIsVisible = 0;
			defaultConfigurationName = Release;
		};
		321C42152905520C00ECDECB /* Build configuration list for PBXNativeTarget "powerBank caculatorUITests" */ = {
			isa = XCConfigurationList;
			buildConfigurations = (
				321C42162905520C00ECDECB /* Debug */,
				321C42172905520C00ECDECB /* Release */,
			);
			defaultConfigurationIsVisible = 0;
			defaultConfigurationName = Release;
		};
/* End XCConfigurationList section */
	};
	rootObject = 321C41E32905520A00ECDECB /* Project object */;
}
